{
  "version": 4,
  "terraform_version": "0.12.24",
  "serial": 25,
  "lineage": "2b68b2c4-8f0a-c4a1-9fd5-28d9e424c072",
  "outputs": {
    "instance_id": {
      "value": "8150641258894116088",
      "type": "string"
    },
    "network_external": {
      "value": "34.95.183.114",
      "type": "string"
    }
  },
  "resources": [
    {
      "mode": "managed",
      "type": "google_compute_attached_disk",
      "name": "disk-cassio-ext01",
      "provider": "provider.google",
      "instances": [
        {
          "schema_version": 0,
          "attributes": {
            "device_name": "persistent-disk-1",
            "disk": "projects/sound-yew-275622/zones/southamerica-east1-a/disks/disk-cassio-ext01",
            "id": "projects/sound-yew-275622/zones/southamerica-east1-a/instances/vm-cassio/disk-cassio-ext01",
            "instance": "projects/sound-yew-275622/zones/southamerica-east1-a/instances/vm-cassio",
            "mode": "READ_WRITE",
            "project": "sound-yew-275622",
            "timeouts": null,
            "zone": "southamerica-east1-a"
          },
          "private": "eyJlMmJmYjczMC1lY2FhLTExZTYtOGY4OC0zNDM2M2JjN2M0YzAiOnsiY3JlYXRlIjozMDAwMDAwMDAwMDAsImRlbGV0ZSI6MzAwMDAwMDAwMDAwfX0=",
          "dependencies": [
            "google_compute_disk.disk-cassio-ext01",
            "google_compute_instance.vm0",
            "google_compute_network.vpc-cassio01"
          ]
        }
      ]
    },
    {
      "mode": "managed",
      "type": "google_compute_disk",
      "name": "disk-cassio-ext01",
      "provider": "provider.google",
      "instances": [
        {
          "schema_version": 0,
          "attributes": {
            "creation_timestamp": "2020-04-30T18:22:48.297-07:00",
            "description": "",
            "disk_encryption_key": [],
            "id": "projects/sound-yew-275622/zones/southamerica-east1-a/disks/disk-cassio-ext01",
            "image": "",
            "label_fingerprint": "42WmSpB8rSM=",
            "labels": {},
            "last_attach_timestamp": "2020-04-30T18:23:50.302-07:00",
            "last_detach_timestamp": "",
            "name": "disk-cassio-ext01",
            "physical_block_size_bytes": 4096,
            "project": "sound-yew-275622",
            "self_link": "https://www.googleapis.com/compute/v1/projects/sound-yew-275622/zones/southamerica-east1-a/disks/disk-cassio-ext01",
            "size": 50,
            "snapshot": "",
            "source_image_encryption_key": [],
            "source_image_id": "",
            "source_snapshot_encryption_key": [],
            "source_snapshot_id": "",
            "timeouts": null,
            "type": "pd-ssd",
            "users": [
              "https://www.googleapis.com/compute/v1/projects/sound-yew-275622/zones/southamerica-east1-a/instances/vm-cassio"
            ],
            "zone": "southamerica-east1-a"
          },
          "private": "eyJlMmJmYjczMC1lY2FhLTExZTYtOGY4OC0zNDM2M2JjN2M0YzAiOnsiY3JlYXRlIjozMDAwMDAwMDAwMDAsImRlbGV0ZSI6MjQwMDAwMDAwMDAwLCJ1cGRhdGUiOjI0MDAwMDAwMDAwMH19"
        }
      ]
    },
    {
      "mode": "managed",
      "type": "google_compute_firewall",
      "name": "fw-rule-ssh",
      "provider": "provider.google",
      "instances": [
        {
          "schema_version": 1,
          "attributes": {
            "allow": [
              {
                "ports": [
                  "22"
                ],
                "protocol": "tcp"
              }
            ],
            "creation_timestamp": "2020-04-30T18:23:33.459-07:00",
            "deny": [],
            "description": "",
            "destination_ranges": [],
            "direction": "INGRESS",
            "disabled": false,
            "enable_logging": false,
            "id": "projects/sound-yew-275622/global/firewalls/fw-rule-22",
            "name": "fw-rule-22",
            "network": "https://www.googleapis.com/compute/v1/projects/sound-yew-275622/global/networks/vpc-cassio01",
            "priority": 1000,
            "project": "sound-yew-275622",
            "self_link": "https://www.googleapis.com/compute/v1/projects/sound-yew-275622/global/firewalls/fw-rule-22",
            "source_ranges": [
              "0.0.0.0/0"
            ],
            "source_service_accounts": [],
            "source_tags": [],
            "target_service_accounts": [],
            "target_tags": [],
            "timeouts": null
          },
          "private": "eyJlMmJmYjczMC1lY2FhLTExZTYtOGY4OC0zNDM2M2JjN2M0YzAiOnsiY3JlYXRlIjoyNDAwMDAwMDAwMDAsImRlbGV0ZSI6MjQwMDAwMDAwMDAwLCJ1cGRhdGUiOjI0MDAwMDAwMDAwMH0sInNjaGVtYV92ZXJzaW9uIjoiMSJ9",
          "dependencies": [
            "google_compute_network.vpc-cassio01"
          ]
        }
      ]
    },
    {
      "mode": "managed",
      "type": "google_compute_instance",
      "name": "vm0",
      "provider": "provider.google",
      "instances": [
        {
          "schema_version": 6,
          "attributes": {
            "allow_stopping_for_update": null,
            "attached_disk": [],
            "boot_disk": [
              {
                "auto_delete": true,
                "device_name": "persistent-disk-0",
                "disk_encryption_key_raw": "",
                "disk_encryption_key_sha256": "",
                "initialize_params": [
                  {
                    "image": "https://www.googleapis.com/compute/v1/projects/debian-cloud/global/images/debian-10-buster-v20200413",
                    "labels": {},
                    "size": 10,
                    "type": "pd-standard"
                  }
                ],
                "kms_key_self_link": "",
                "mode": "READ_WRITE",
                "source": "https://www.googleapis.com/compute/v1/projects/sound-yew-275622/zones/southamerica-east1-a/disks/vm-cassio"
              }
            ],
            "can_ip_forward": false,
            "cpu_platform": "Intel Broadwell",
            "current_status": "RUNNING",
            "deletion_protection": false,
            "description": "",
            "desired_status": null,
            "enable_display": false,
            "guest_accelerator": [],
            "hostname": "",
            "id": "projects/sound-yew-275622/zones/southamerica-east1-a/instances/vm-cassio",
            "instance_id": "8150641258894116088",
            "label_fingerprint": "42WmSpB8rSM=",
            "labels": {},
            "machine_type": "n1-standard-1",
            "metadata": {},
            "metadata_fingerprint": "ogh4eAo4aW0=",
            "metadata_startup_script": "",
            "min_cpu_platform": "",
            "name": "vm-cassio",
            "network_interface": [
              {
                "access_config": [
                  {
                    "nat_ip": "34.95.183.114",
                    "network_tier": "PREMIUM",
                    "public_ptr_domain_name": ""
                  }
                ],
                "alias_ip_range": [],
                "name": "nic0",
                "network": "https://www.googleapis.com/compute/v1/projects/sound-yew-275622/global/networks/vpc-cassio01",
                "network_ip": "10.158.0.2",
                "subnetwork": "https://www.googleapis.com/compute/v1/projects/sound-yew-275622/regions/southamerica-east1/subnetworks/vpc-cassio01",
                "subnetwork_project": "sound-yew-275622"
              }
            ],
            "project": "sound-yew-275622",
            "resource_policies": [],
            "scheduling": [
              {
                "automatic_restart": true,
                "node_affinities": [],
                "on_host_maintenance": "MIGRATE",
                "preemptible": false
              }
            ],
            "scratch_disk": [],
            "self_link": "https://www.googleapis.com/compute/v1/projects/sound-yew-275622/zones/southamerica-east1-a/instances/vm-cassio",
            "service_account": [],
            "shielded_instance_config": [
              {
                "enable_integrity_monitoring": true,
                "enable_secure_boot": false,
                "enable_vtpm": true
              }
            ],
            "tags": [],
            "tags_fingerprint": "42WmSpB8rSM=",
            "timeouts": null,
            "zone": "southamerica-east1-a"
          },
          "private": "eyJlMmJmYjczMC1lY2FhLTExZTYtOGY4OC0zNDM2M2JjN2M0YzAiOnsiY3JlYXRlIjoxMjAwMDAwMDAwMDAwLCJkZWxldGUiOjEyMDAwMDAwMDAwMDAsInVwZGF0ZSI6MTIwMDAwMDAwMDAwMH0sInNjaGVtYV92ZXJzaW9uIjoiNiJ9",
          "dependencies": [
            "google_compute_disk.disk-cassio-ext01",
            "google_compute_network.vpc-cassio01"
          ]
        }
      ]
    },
    {
      "mode": "managed",
      "type": "google_compute_network",
      "name": "vpc-cassio01",
      "provider": "provider.google",
      "instances": [
        {
          "schema_version": 0,
          "attributes": {
            "auto_create_subnetworks": true,
            "delete_default_routes_on_create": false,
            "description": "",
            "gateway_ipv4": "",
            "id": "projects/sound-yew-275622/global/networks/vpc-cassio01",
            "ipv4_range": null,
            "name": "vpc-cassio01",
            "project": "sound-yew-275622",
            "routing_mode": "REGIONAL",
            "self_link": "https://www.googleapis.com/compute/v1/projects/sound-yew-275622/global/networks/vpc-cassio01",
            "timeouts": null
          },
          "private": "eyJlMmJmYjczMC1lY2FhLTExZTYtOGY4OC0zNDM2M2JjN2M0YzAiOnsiY3JlYXRlIjoyNDAwMDAwMDAwMDAsImRlbGV0ZSI6MjQwMDAwMDAwMDAwLCJ1cGRhdGUiOjI0MDAwMDAwMDAwMH19"
        }
      ]
    }
  ]
}
